
Microsoft Visual Studio Solution File, Format Version 12.00
# Visual Studio Version 17
VisualStudioVersion = 17.5.33502.453
MinimumVisualStudioVersion = 10.0.40219.1
Project("{FAE04EC0-301F-11D3-BF4B-00C04F79EFBC}") = "kafka-producer-simple", "Kafka-producer-simples\bin\kafka-producer-simple\kafka-producer-simple.csproj", "{CE7CCDAD-35CB-4084-A44A-5065CA4F048C}"
EndProject
Global
	GlobalSection(SolutionConfigurationPlatforms) = preSolution
		Debug|Any CPU = Debug|Any CPU
		Release|Any CPU = Release|Any CPU
	EndGlobalSection
	GlobalSection(ProjectConfigurationPlatforms) = postSolution
		{CE7CCDAD-35CB-4084-A44A-5065CA4F048C}.Debug|Any CPU.ActiveCfg = Debug|Any CPU
		{CE7CCDAD-35CB-4084-A44A-5065CA4F048C}.Debug|Any CPU.Build.0 = Debug|Any CPU
		{CE7CCDAD-35CB-4084-A44A-5065CA4F048C}.Release|Any CPU.ActiveCfg = Release|Any CPU
		{CE7CCDAD-35CB-4084-A44A-5065CA4F048C}.Release|Any CPU.Build.0 = Release|Any CPU
	EndGlobalSection
	GlobalSection(SolutionProperties) = preSolution
		HideSolutionNode = FALSE
	EndGlobalSection
	GlobalSection(ExtensibilityGlobals) = postSolution
		SolutionGuid = {09C21DF5-3E0C-426E-BF72-59B6BBFAD73A}
	EndGlobalSection
EndGlobal
